// !$*UTF8*$!
{
	archiveVersion = 1;
	classes = {
	};
	objectVersion = 51;
	objects = {

/* Begin PBXBuildFile section */
		C6F7F380FD9CAEE11892111F /* Pods_PetWalk.framework in Frameworks */ = {isa = PBXBuildFile; fileRef = CB358DCC24193BE284FDBF7C /* Pods_PetWalk.framework */; };
		DD33DE0C26A56FD6007ECA95 /* AppDelegate.swift in Sources */ = {isa = PBXBuildFile; fileRef = DD33DE0B26A56FD6007ECA95 /* AppDelegate.swift */; };
		DD33DE0E26A56FD6007ECA95 /* SceneDelegate.swift in Sources */ = {isa = PBXBuildFile; fileRef = DD33DE0D26A56FD6007ECA95 /* SceneDelegate.swift */; };
		DD33DE1026A56FD6007ECA95 /* ViewController.swift in Sources */ = {isa = PBXBuildFile; fileRef = DD33DE0F26A56FD6007ECA95 /* ViewController.swift */; };
		DD33DE1326A56FD6007ECA95 /* Main.storyboard in Resources */ = {isa = PBXBuildFile; fileRef = DD33DE1126A56FD6007ECA95 /* Main.storyboard */; };
		DD33DE1526A56FD7007ECA95 /* Assets.xcassets in Resources */ = {isa = PBXBuildFile; fileRef = DD33DE1426A56FD7007ECA95 /* Assets.xcassets */; };
		DD33DE1826A56FD7007ECA95 /* LaunchScreen.storyboard in Resources */ = {isa = PBXBuildFile; fileRef = DD33DE1626A56FD7007ECA95 /* LaunchScreen.storyboard */; };
		DD33DE2026A5C315007ECA95 /* UserInfoVC.swift in Sources */ = {isa = PBXBuildFile; fileRef = DD33DE1F26A5C315007ECA95 /* UserInfoVC.swift */; };
		DD33DE2226A5CCD5007ECA95 /* DogInfoVC.swift in Sources */ = {isa = PBXBuildFile; fileRef = DD33DE2126A5CCD5007ECA95 /* DogInfoVC.swift */; };
		DD33DE2426A68C01007ECA95 /* DogInfoRegisterVC.swift in Sources */ = {isa = PBXBuildFile; fileRef = DD33DE2326A68C01007ECA95 /* DogInfoRegisterVC.swift */; };
		DD33DE2626A68EC5007ECA95 /* mainData.swift in Sources */ = {isa = PBXBuildFile; fileRef = DD33DE2526A68EC5007ECA95 /* mainData.swift */; };
		DD33DE2826A6CE9C007ECA95 /* HomeVC.swift in Sources */ = {isa = PBXBuildFile; fileRef = DD33DE2726A6CE9C007ECA95 /* HomeVC.swift */; };
		DD33DE2B26A70E31007ECA95 /* sideMenuViewController.swift in Sources */ = {isa = PBXBuildFile; fileRef = DD33DE2A26A70E30007ECA95 /* sideMenuViewController.swift */; };
		DD33DE2D26A70FA7007ECA95 /* CustomSideMenuNavigation.swift in Sources */ = {isa = PBXBuildFile; fileRef = DD33DE2C26A70FA7007ECA95 /* CustomSideMenuNavigation.swift */; };
		DD33DE2F26A72939007ECA95 /* weather.swift in Sources */ = {isa = PBXBuildFile; fileRef = DD33DE2E26A72939007ECA95 /* weather.swift */; };
		DD33DE3126A7AE92007ECA95 /* WeatherService.swift in Sources */ = {isa = PBXBuildFile; fileRef = DD33DE3026A7AE92007ECA95 /* WeatherService.swift */; };
		DD33DE3326A7B5F7007ECA95 /* KeyList.plist in Resources */ = {isa = PBXBuildFile; fileRef = DD33DE3226A7B5F7007ECA95 /* KeyList.plist */; };
		DD33DE3526A81336007ECA95 /* tabBarVC.swift in Sources */ = {isa = PBXBuildFile; fileRef = DD33DE3426A81336007ECA95 /* tabBarVC.swift */; };
		DD33DE3D26A819BA007ECA95 /* timerVC.swift in Sources */ = {isa = PBXBuildFile; fileRef = DD33DE3C26A819BA007ECA95 /* timerVC.swift */; };
		DD33DE4A26A88328007ECA95 /* tabBarController.swift in Sources */ = {isa = PBXBuildFile; fileRef = DD33DE4926A88327007ECA95 /* tabBarController.swift */; };
/* End PBXBuildFile section */

/* Begin PBXFileReference section */
		17B7607439F9DD3A6E0E87B0 /* Pods-PetWalk.debug.xcconfig */ = {isa = PBXFileReference; includeInIndex = 1; lastKnownFileType = text.xcconfig; name = "Pods-PetWalk.debug.xcconfig"; path = "Target Support Files/Pods-PetWalk/Pods-PetWalk.debug.xcconfig"; sourceTree = "<group>"; };
		46EE007A7A0CF0388D4A20E3 /* Pods-PetWalk.release.xcconfig */ = {isa = PBXFileReference; includeInIndex = 1; lastKnownFileType = text.xcconfig; name = "Pods-PetWalk.release.xcconfig"; path = "Target Support Files/Pods-PetWalk/Pods-PetWalk.release.xcconfig"; sourceTree = "<group>"; };
		CB358DCC24193BE284FDBF7C /* Pods_PetWalk.framework */ = {isa = PBXFileReference; explicitFileType = wrapper.framework; includeInIndex = 0; path = Pods_PetWalk.framework; sourceTree = BUILT_PRODUCTS_DIR; };
		DD33DE0826A56FD6007ECA95 /* PetWalk.app */ = {isa = PBXFileReference; explicitFileType = wrapper.application; includeInIndex = 0; path = PetWalk.app; sourceTree = BUILT_PRODUCTS_DIR; };
		DD33DE0B26A56FD6007ECA95 /* AppDelegate.swift */ = {isa = PBXFileReference; lastKnownFileType = sourcecode.swift; path = AppDelegate.swift; sourceTree = "<group>"; };
		DD33DE0D26A56FD6007ECA95 /* SceneDelegate.swift */ = {isa = PBXFileReference; lastKnownFileType = sourcecode.swift; path = SceneDelegate.swift; sourceTree = "<group>"; };
		DD33DE0F26A56FD6007ECA95 /* ViewController.swift */ = {isa = PBXFileReference; lastKnownFileType = sourcecode.swift; path = ViewController.swift; sourceTree = "<group>"; };
		DD33DE1226A56FD6007ECA95 /* Base */ = {isa = PBXFileReference; lastKnownFileType = file.storyboard; name = Base; path = Base.lproj/Main.storyboard; sourceTree = "<group>"; };
		DD33DE1426A56FD7007ECA95 /* Assets.xcassets */ = {isa = PBXFileReference; lastKnownFileType = folder.assetcatalog; path = Assets.xcassets; sourceTree = "<group>"; };
		DD33DE1726A56FD7007ECA95 /* Base */ = {isa = PBXFileReference; lastKnownFileType = file.storyboard; name = Base; path = Base.lproj/LaunchScreen.storyboard; sourceTree = "<group>"; };
		DD33DE1926A56FD7007ECA95 /* Info.plist */ = {isa = PBXFileReference; lastKnownFileType = text.plist.xml; path = Info.plist; sourceTree = "<group>"; };
		DD33DE1F26A5C315007ECA95 /* UserInfoVC.swift */ = {isa = PBXFileReference; lastKnownFileType = sourcecode.swift; path = UserInfoVC.swift; sourceTree = "<group>"; };
		DD33DE2126A5CCD5007ECA95 /* DogInfoVC.swift */ = {isa = PBXFileReference; lastKnownFileType = sourcecode.swift; path = DogInfoVC.swift; sourceTree = "<group>"; };
		DD33DE2326A68C01007ECA95 /* DogInfoRegisterVC.swift */ = {isa = PBXFileReference; lastKnownFileType = sourcecode.swift; path = DogInfoRegisterVC.swift; sourceTree = "<group>"; };
		DD33DE2526A68EC5007ECA95 /* mainData.swift */ = {isa = PBXFileReference; lastKnownFileType = sourcecode.swift; path = mainData.swift; sourceTree = "<group>"; };
		DD33DE2726A6CE9C007ECA95 /* HomeVC.swift */ = {isa = PBXFileReference; lastKnownFileType = sourcecode.swift; path = HomeVC.swift; sourceTree = "<group>"; };
		DD33DE2A26A70E30007ECA95 /* sideMenuViewController.swift */ = {isa = PBXFileReference; lastKnownFileType = sourcecode.swift; path = sideMenuViewController.swift; sourceTree = "<group>"; };
		DD33DE2C26A70FA7007ECA95 /* CustomSideMenuNavigation.swift */ = {isa = PBXFileReference; lastKnownFileType = sourcecode.swift; path = CustomSideMenuNavigation.swift; sourceTree = "<group>"; };
		DD33DE2E26A72939007ECA95 /* weather.swift */ = {isa = PBXFileReference; lastKnownFileType = sourcecode.swift; path = weather.swift; sourceTree = "<group>"; };
		DD33DE3026A7AE92007ECA95 /* WeatherService.swift */ = {isa = PBXFileReference; lastKnownFileType = sourcecode.swift; path = WeatherService.swift; sourceTree = "<group>"; };
		DD33DE3226A7B5F7007ECA95 /* KeyList.plist */ = {isa = PBXFileReference; lastKnownFileType = text.plist.xml; path = KeyList.plist; sourceTree = "<group>"; };
		DD33DE3426A81336007ECA95 /* tabBarVC.swift */ = {isa = PBXFileReference; lastKnownFileType = sourcecode.swift; path = tabBarVC.swift; sourceTree = "<group>"; };
		DD33DE3C26A819BA007ECA95 /* timerVC.swift */ = {isa = PBXFileReference; lastKnownFileType = sourcecode.swift; path = timerVC.swift; sourceTree = "<group>"; };
		DD33DE4926A88327007ECA95 /* tabBarController.swift */ = {isa = PBXFileReference; lastKnownFileType = sourcecode.swift; path = tabBarController.swift; sourceTree = "<group>"; };
/* End PBXFileReference section */

/* Begin PBXFrameworksBuildPhase section */
		DD33DE0526A56FD6007ECA95 /* Frameworks */ = {
			isa = PBXFrameworksBuildPhase;
			buildActionMask = 2147483647;
			files = (
				C6F7F380FD9CAEE11892111F /* Pods_PetWalk.framework in Frameworks */,
			);
			runOnlyForDeploymentPostprocessing = 0;
		};
/* End PBXFrameworksBuildPhase section */

/* Begin PBXGroup section */
		2A6C238822F126AF928FEC2E /* Frameworks */ = {
			isa = PBXGroup;
			children = (
				CB358DCC24193BE284FDBF7C /* Pods_PetWalk.framework */,
			);
			name = Frameworks;
			sourceTree = "<group>";
		};
		8C69D53A70580D7CFF38A8CF /* Pods */ = {
			isa = PBXGroup;
			children = (
				17B7607439F9DD3A6E0E87B0 /* Pods-PetWalk.debug.xcconfig */,
				46EE007A7A0CF0388D4A20E3 /* Pods-PetWalk.release.xcconfig */,
			);
			path = Pods;
			sourceTree = "<group>";
		};
		DD33DDFF26A56FD6007ECA95 = {
			isa = PBXGroup;
			children = (
				DD33DE0A26A56FD6007ECA95 /* PetWalk */,
				DD33DE0926A56FD6007ECA95 /* Products */,
				8C69D53A70580D7CFF38A8CF /* Pods */,
				2A6C238822F126AF928FEC2E /* Frameworks */,
			);
			sourceTree = "<group>";
		};
		DD33DE0926A56FD6007ECA95 /* Products */ = {
			isa = PBXGroup;
			children = (
				DD33DE0826A56FD6007ECA95 /* PetWalk.app */,
			);
			name = Products;
			sourceTree = "<group>";
		};
		DD33DE0A26A56FD6007ECA95 /* PetWalk */ = {
			isa = PBXGroup;
			children = (
				DD33DE3E26A86E1E007ECA95 /* Support */,
				DD33DE3F26A86E2D007ECA95 /* Screen */,
				DD33DE4026A86E3C007ECA95 /* Global */,
			);
			path = PetWalk;
			sourceTree = "<group>";
		};
		DD33DE2926A6D994007ECA95 /* ViewController */ = {
			isa = PBXGroup;
			children = (
				DD33DE0F26A56FD6007ECA95 /* ViewController.swift */,
				DD33DE1F26A5C315007ECA95 /* UserInfoVC.swift */,
				DD33DE2126A5CCD5007ECA95 /* DogInfoVC.swift */,
				DD33DE2326A68C01007ECA95 /* DogInfoRegisterVC.swift */,
				DD33DE2726A6CE9C007ECA95 /* HomeVC.swift */,
				DD33DE2A26A70E30007ECA95 /* sideMenuViewController.swift */,
				DD33DE2C26A70FA7007ECA95 /* CustomSideMenuNavigation.swift */,
				DD33DE3C26A819BA007ECA95 /* timerVC.swift */,
				DD33DE3426A81336007ECA95 /* tabBarVC.swift */,
				DD33DE4926A88327007ECA95 /* tabBarController.swift */,
			);
			path = ViewController;
			sourceTree = "<group>";
		};
		DD33DE3E26A86E1E007ECA95 /* Support */ = {
			isa = PBXGroup;
			children = (
				DD33DE0B26A56FD6007ECA95 /* AppDelegate.swift */,
				DD33DE0D26A56FD6007ECA95 /* SceneDelegate.swift */,
				DD33DE1426A56FD7007ECA95 /* Assets.xcassets */,
				DD33DE1626A56FD7007ECA95 /* LaunchScreen.storyboard */,
				DD33DE1926A56FD7007ECA95 /* Info.plist */,
			);
			path = Support;
			sourceTree = "<group>";
		};
		DD33DE3F26A86E2D007ECA95 /* Screen */ = {
			isa = PBXGroup;
			children = (
				DD33DE4326A86F68007ECA95 /* Data */,
				DD33DE4426A86FAB007ECA95 /* CollectionView */,
				DD33DE4226A86F14007ECA95 /* Storyboard */,
				DD33DE2926A6D994007ECA95 /* ViewController */,
			);
			path = Screen;
			sourceTree = "<group>";
		};
		DD33DE4026A86E3C007ECA95 /* Global */ = {
			isa = PBXGroup;
			children = (
				DD33DE4126A86EE3007ECA95 /* Extension */,
			);
			path = Global;
			sourceTree = "<group>";
		};
		DD33DE4126A86EE3007ECA95 /* Extension */ = {
			isa = PBXGroup;
			children = (
			);
			path = Extension;
			sourceTree = "<group>";
		};
		DD33DE4226A86F14007ECA95 /* Storyboard */ = {
			isa = PBXGroup;
			children = (
				DD33DE1126A56FD6007ECA95 /* Main.storyboard */,
			);
			path = Storyboard;
			sourceTree = "<group>";
		};
		DD33DE4326A86F68007ECA95 /* Data */ = {
			isa = PBXGroup;
			children = (
				DD33DE2526A68EC5007ECA95 /* mainData.swift */,
				DD33DE2E26A72939007ECA95 /* weather.swift */,
				DD33DE3026A7AE92007ECA95 /* WeatherService.swift */,
				DD33DE3226A7B5F7007ECA95 /* KeyList.plist */,
			);
			path = Data;
			sourceTree = "<group>";
		};
		DD33DE4426A86FAB007ECA95 /* CollectionView */ = {
			isa = PBXGroup;
			children = (
			);
			path = CollectionView;
			sourceTree = "<group>";
		};
/* End PBXGroup section */

/* Begin PBXNativeTarget section */
		DD33DE0726A56FD6007ECA95 /* PetWalk */ = {
			isa = PBXNativeTarget;
			buildConfigurationList = DD33DE1C26A56FD7007ECA95 /* Build configuration list for PBXNativeTarget "PetWalk" */;
			buildPhases = (
				5588CE03AA3F538937EC6F47 /* [CP] Check Pods Manifest.lock */,
				DD33DE0426A56FD6007ECA95 /* Sources */,
				DD33DE0526A56FD6007ECA95 /* Frameworks */,
				DD33DE0626A56FD6007ECA95 /* Resources */,
				3DC6AEF202C4A44BDF7077B6 /* [CP] Embed Pods Frameworks */,
			);
			buildRules = (
			);
			dependencies = (
			);
			name = PetWalk;
			productName = PetWalk;
			productReference = DD33DE0826A56FD6007ECA95 /* PetWalk.app */;
			productType = "com.apple.product-type.application";
		};
/* End PBXNativeTarget section */

/* Begin PBXProject section */
		DD33DE0026A56FD6007ECA95 /* Project object */ = {
			isa = PBXProject;
			attributes = {
				LastSwiftUpdateCheck = 1250;
				LastUpgradeCheck = 1250;
				TargetAttributes = {
					DD33DE0726A56FD6007ECA95 = {
						CreatedOnToolsVersion = 12.5.1;
					};
				};
			};
			buildConfigurationList = DD33DE0326A56FD6007ECA95 /* Build configuration list for PBXProject "PetWalk" */;
			compatibilityVersion = "Xcode 9.3";
			developmentRegion = en;
			hasScannedForEncodings = 0;
			knownRegions = (
				en,
				Base,
			);
			mainGroup = DD33DDFF26A56FD6007ECA95;
			productRefGroup = DD33DE0926A56FD6007ECA95 /* Products */;
			projectDirPath = "";
			projectRoot = "";
			targets = (
				DD33DE0726A56FD6007ECA95 /* PetWalk */,
			);
		};
/* End PBXProject section */

/* Begin PBXResourcesBuildPhase section */
		DD33DE0626A56FD6007ECA95 /* Resources */ = {
			isa = PBXResourcesBuildPhase;
			buildActionMask = 2147483647;
			files = (
				DD33DE1826A56FD7007ECA95 /* LaunchScreen.storyboard in Resources */,
				DD33DE3326A7B5F7007ECA95 /* KeyList.plist in Resources */,
				DD33DE1526A56FD7007ECA95 /* Assets.xcassets in Resources */,
				DD33DE1326A56FD6007ECA95 /* Main.storyboard in Resources */,
			);
			runOnlyForDeploymentPostprocessing = 0;
		};
/* End PBXResourcesBuildPhase section */

/* Begin PBXShellScriptBuildPhase section */
		3DC6AEF202C4A44BDF7077B6 /* [CP] Embed Pods Frameworks */ = {
			isa = PBXShellScriptBuildPhase;
			buildActionMask = 2147483647;
			files = (
			);
			inputFileListPaths = (
				"${PODS_ROOT}/Target Support Files/Pods-PetWalk/Pods-PetWalk-frameworks-${CONFIGURATION}-input-files.xcfilelist",
			);
			name = "[CP] Embed Pods Frameworks";
			outputFileListPaths = (
				"${PODS_ROOT}/Target Support Files/Pods-PetWalk/Pods-PetWalk-frameworks-${CONFIGURATION}-output-files.xcfilelist",
			);
			runOnlyForDeploymentPostprocessing = 0;
			shellPath = /bin/sh;
			shellScript = "\"${PODS_ROOT}/Target Support Files/Pods-PetWalk/Pods-PetWalk-frameworks.sh\"\n";
			showEnvVarsInLog = 0;
		};
		5588CE03AA3F538937EC6F47 /* [CP] Check Pods Manifest.lock */ = {
			isa = PBXShellScriptBuildPhase;
			buildActionMask = 2147483647;
			files = (
			);
			inputFileListPaths = (
			);
			inputPaths = (
				"${PODS_PODFILE_DIR_PATH}/Podfile.lock",
				"${PODS_ROOT}/Manifest.lock",
			);
			name = "[CP] Check Pods Manifest.lock";
			outputFileListPaths = (
			);
			outputPaths = (
				"$(DERIVED_FILE_DIR)/Pods-PetWalk-checkManifestLockResult.txt",
			);
			runOnlyForDeploymentPostprocessing = 0;
			shellPath = /bin/sh;
			shellScript = "diff \"${PODS_PODFILE_DIR_PATH}/Podfile.lock\" \"${PODS_ROOT}/Manifest.lock\" > /dev/null\nif [ $? != 0 ] ; then\n    # print error to STDERR\n    echo \"error: The sandbox is not in sync with the Podfile.lock. Run 'pod install' or update your CocoaPods installation.\" >&2\n    exit 1\nfi\n# This output is used by Xcode 'outputs' to avoid re-running this script phase.\necho \"SUCCESS\" > \"${SCRIPT_OUTPUT_FILE_0}\"\n";
			showEnvVarsInLog = 0;
		};
/* End PBXShellScriptBuildPhase section */

/* Begin PBXSourcesBuildPhase section */
		DD33DE0426A56FD6007ECA95 /* Sources */ = {
			isa = PBXSourcesBuildPhase;
			buildActionMask = 2147483647;
			files = (
				DD33DE2F26A72939007ECA95 /* weather.swift in Sources */,
				DD33DE4A26A88328007ECA95 /* tabBarController.swift in Sources */,
				DD33DE2626A68EC5007ECA95 /* mainData.swift in Sources */,
				DD33DE3D26A819BA007ECA95 /* timerVC.swift in Sources */,
				DD33DE2826A6CE9C007ECA95 /* HomeVC.swift in Sources */,
				DD33DE2D26A70FA7007ECA95 /* CustomSideMenuNavigation.swift in Sources */,
				DD33DE3126A7AE92007ECA95 /* WeatherService.swift in Sources */,
				DD33DE1026A56FD6007ECA95 /* ViewController.swift in Sources */,
				DD33DE0C26A56FD6007ECA95 /* AppDelegate.swift in Sources */,
				DD33DE2426A68C01007ECA95 /* DogInfoRegisterVC.swift in Sources */,
				DD33DE0E26A56FD6007ECA95 /* SceneDelegate.swift in Sources */,
				DD33DE3526A81336007ECA95 /* tabBarVC.swift in Sources */,
				DD33DE2026A5C315007ECA95 /* UserInfoVC.swift in Sources */,
				DD33DE2226A5CCD5007ECA95 /* DogInfoVC.swift in Sources */,
				DD33DE2B26A70E31007ECA95 /* sideMenuViewController.swift in Sources */,
			);
			runOnlyForDeploymentPostprocessing = 0;
		};
/* End PBXSourcesBuildPhase section */

/* Begin PBXVariantGroup section */
		DD33DE1126A56FD6007ECA95 /* Main.storyboard */ = {
			isa = PBXVariantGroup;
			children = (
				DD33DE1226A56FD6007ECA95 /* Base */,
			);
			name = Main.storyboard;
			sourceTree = "<group>";
		};
		DD33DE1626A56FD7007ECA95 /* LaunchScreen.storyboard */ = {
			isa = PBXVariantGroup;
			children = (
				DD33DE1726A56FD7007ECA95 /* Base */,
			);
			name = LaunchScreen.storyboard;
			sourceTree = "<group>";
		};
/* End PBXVariantGroup section */

/* Begin XCBuildConfiguration section */
		DD33DE1A26A56FD7007ECA95 /* Debug */ = {
			isa = XCBuildConfiguration;
			buildSettings = {
				ALWAYS_SEARCH_USER_PATHS = NO;
				CLANG_ANALYZER_NONNULL = YES;
				CLANG_ANALYZER_NUMBER_OBJECT_CONVERSION = YES_AGGRESSIVE;
				CLANG_CXX_LANGUAGE_STANDARD = "gnu++14";
				CLANG_CXX_LIBRARY = "libc++";
				CLANG_ENABLE_MODULES = YES;
				CLANG_ENABLE_OBJC_ARC = YES;
				CLANG_ENABLE_OBJC_WEAK = YES;
				CLANG_WARN_BLOCK_CAPTURE_AUTORELEASING = YES;
				CLANG_WARN_BOOL_CONVERSION = YES;
				CLANG_WARN_COMMA = YES;
				CLANG_WARN_CONSTANT_CONVERSION = YES;
				CLANG_WARN_DEPRECATED_OBJC_IMPLEMENTATIONS = YES;
				CLANG_WARN_DIRECT_OBJC_ISA_USAGE = YES_ERROR;
				CLANG_WARN_DOCUMENTATION_COMMENTS = YES;
				CLANG_WARN_EMPTY_BODY = YES;
				CLANG_WARN_ENUM_CONVERSION = YES;
				CLANG_WARN_INFINITE_RECURSION = YES;
				CLANG_WARN_INT_CONVERSION = YES;
				CLANG_WARN_NON_LITERAL_NULL_CONVERSION = YES;
				CLANG_WARN_OBJC_IMPLICIT_RETAIN_SELF = YES;
				CLANG_WARN_OBJC_LITERAL_CONVERSION = YES;
				CLANG_WARN_OBJC_ROOT_CLASS = YES_ERROR;
				CLANG_WARN_QUOTED_INCLUDE_IN_FRAMEWORK_HEADER = YES;
				CLANG_WARN_RANGE_LOOP_ANALYSIS = YES;
				CLANG_WARN_STRICT_PROTOTYPES = YES;
				CLANG_WARN_SUSPICIOUS_MOVE = YES;
				CLANG_WARN_UNGUARDED_AVAILABILITY = YES_AGGRESSIVE;
				CLANG_WARN_UNREACHABLE_CODE = YES;
				CLANG_WARN__DUPLICATE_METHOD_MATCH = YES;
				COPY_PHASE_STRIP = NO;
				DEBUG_INFORMATION_FORMAT = dwarf;
				ENABLE_STRICT_OBJC_MSGSEND = YES;
				ENABLE_TESTABILITY = YES;
				GCC_C_LANGUAGE_STANDARD = gnu11;
				GCC_DYNAMIC_NO_PIC = NO;
				GCC_NO_COMMON_BLOCKS = YES;
				GCC_OPTIMIZATION_LEVEL = 0;
				GCC_PREPROCESSOR_DEFINITIONS = (
					"DEBUG=1",
					"$(inherited)",
				);
				GCC_WARN_64_TO_32_BIT_CONVERSION = YES;
				GCC_WARN_ABOUT_RETURN_TYPE = YES_ERROR;
				GCC_WARN_UNDECLARED_SELECTOR = YES;
				GCC_WARN_UNINITIALIZED_AUTOS = YES_AGGRESSIVE;
				GCC_WARN_UNUSED_FUNCTION = YES;
				GCC_WARN_UNUSED_VARIABLE = YES;
				IPHONEOS_DEPLOYMENT_TARGET = 14.5;
				MTL_ENABLE_DEBUG_INFO = INCLUDE_SOURCE;
				MTL_FAST_MATH = YES;
				ONLY_ACTIVE_ARCH = YES;
				SDKROOT = iphoneos;
				SWIFT_ACTIVE_COMPILATION_CONDITIONS = DEBUG;
				SWIFT_OPTIMIZATION_LEVEL = "-Onone";
			};
			name = Debug;
		};
		DD33DE1B26A56FD7007ECA95 /* Release */ = {
			isa = XCBuildConfiguration;
			buildSettings = {
				ALWAYS_SEARCH_USER_PATHS = NO;
				CLANG_ANALYZER_NONNULL = YES;
				CLANG_ANALYZER_NUMBER_OBJECT_CONVERSION = YES_AGGRESSIVE;
				CLANG_CXX_LANGUAGE_STANDARD = "gnu++14";
				CLANG_CXX_LIBRARY = "libc++";
				CLANG_ENABLE_MODULES = YES;
				CLANG_ENABLE_OBJC_ARC = YES;
				CLANG_ENABLE_OBJC_WEAK = YES;
				CLANG_WARN_BLOCK_CAPTURE_AUTORELEASING = YES;
				CLANG_WARN_BOOL_CONVERSION = YES;
				CLANG_WARN_COMMA = YES;
				CLANG_WARN_CONSTANT_CONVERSION = YES;
				CLANG_WARN_DEPRECATED_OBJC_IMPLEMENTATIONS = YES;
				CLANG_WARN_DIRECT_OBJC_ISA_USAGE = YES_ERROR;
				CLANG_WARN_DOCUMENTATION_COMMENTS = YES;
				CLANG_WARN_EMPTY_BODY = YES;
				CLANG_WARN_ENUM_CONVERSION = YES;
				CLANG_WARN_INFINITE_RECURSION = YES;
				CLANG_WARN_INT_CONVERSION = YES;
				CLANG_WARN_NON_LITERAL_NULL_CONVERSION = YES;
				CLANG_WARN_OBJC_IMPLICIT_RETAIN_SELF = YES;
				CLANG_WARN_OBJC_LITERAL_CONVERSION = YES;
				CLANG_WARN_OBJC_ROOT_CLASS = YES_ERROR;
				CLANG_WARN_QUOTED_INCLUDE_IN_FRAMEWORK_HEADER = YES;
				CLANG_WARN_RANGE_LOOP_ANALYSIS = YES;
				CLANG_WARN_STRICT_PROTOTYPES = YES;
				CLANG_WARN_SUSPICIOUS_MOVE = YES;
				CLANG_WARN_UNGUARDED_AVAILABILITY = YES_AGGRESSIVE;
				CLANG_WARN_UNREACHABLE_CODE = YES;
				CLANG_WARN__DUPLICATE_METHOD_MATCH = YES;
				COPY_PHASE_STRIP = NO;
				DEBUG_INFORMATION_FORMAT = "dwarf-with-dsym";
				ENABLE_NS_ASSERTIONS = NO;
				ENABLE_STRICT_OBJC_MSGSEND = YES;
				GCC_C_LANGUAGE_STANDARD = gnu11;
				GCC_NO_COMMON_BLOCKS = YES;
				GCC_WARN_64_TO_32_BIT_CONVERSION = YES;
				GCC_WARN_ABOUT_RETURN_TYPE = YES_ERROR;
				GCC_WARN_UNDECLARED_SELECTOR = YES;
				GCC_WARN_UNINITIALIZED_AUTOS = YES_AGGRESSIVE;
				GCC_WARN_UNUSED_FUNCTION = YES;
				GCC_WARN_UNUSED_VARIABLE = YES;
				IPHONEOS_DEPLOYMENT_TARGET = 14.5;
				MTL_ENABLE_DEBUG_INFO = NO;
				MTL_FAST_MATH = YES;
				SDKROOT = iphoneos;
				SWIFT_COMPILATION_MODE = wholemodule;
				SWIFT_OPTIMIZATION_LEVEL = "-O";
				VALIDATE_PRODUCT = YES;
			};
			name = Release;
		};
		DD33DE1D26A56FD7007ECA95 /* Debug */ = {
			isa = XCBuildConfiguration;
			baseConfigurationReference = 17B7607439F9DD3A6E0E87B0 /* Pods-PetWalk.debug.xcconfig */;
			buildSettings = {
				ASSETCATALOG_COMPILER_APPICON_NAME = AppIcon;
				ASSETCATALOG_COMPILER_GLOBAL_ACCENT_COLOR_NAME = AccentColor;
				CODE_SIGN_STYLE = Automatic;
				DEVELOPMENT_TEAM = 296LN74J9R;
				INFOPLIST_FILE = PetWalk/Support/Info.plist;
				LD_RUNPATH_SEARCH_PATHS = (
					"$(inherited)",
					"@executable_path/Frameworks",
				);
				PRODUCT_BUNDLE_IDENTIFIER = sj.PetWalk;
				PRODUCT_NAME = "$(TARGET_NAME)";
				SWIFT_VERSION = 5.0;
				TARGETED_DEVICE_FAMILY = "1,2";
			};
			name = Debug;
		};
		DD33DE1E26A56FD7007ECA95 /* Release */ = {
			isa = XCBuildConfiguration;
			baseConfigurationReference = 46EE007A7A0CF0388D4A20E3 /* Pods-PetWalk.release.xcconfig */;
			buildSettings = {
				ASSETCATALOG_COMPILER_APPICON_NAME = AppIcon;
				ASSETCATALOG_COMPILER_GLOBAL_ACCENT_COLOR_NAME = AccentColor;
				CODE_SIGN_STYLE = Automatic;
				DEVELOPMENT_TEAM = 296LN74J9R;
				INFOPLIST_FILE = PetWalk/Support/Info.plist;
				LD_RUNPATH_SEARCH_PATHS = (
					"$(inherited)",
					"@executable_path/Frameworks",
				);
				PRODUCT_BUNDLE_IDENTIFIER = sj.PetWalk;
				PRODUCT_NAME = "$(TARGET_NAME)";
				SWIFT_VERSION = 5.0;
				TARGETED_DEVICE_FAMILY = "1,2";
			};
			name = Release;
		};
/* End XCBuildConfiguration section */

/* Begin XCConfigurationList section */
		DD33DE0326A56FD6007ECA95 /* Build configuration list for PBXProject "PetWalk" */ = {
			isa = XCConfigurationList;
			buildConfigurations = (
				DD33DE1A26A56FD7007ECA95 /* Debug */,
				DD33DE1B26A56FD7007ECA95 /* Release */,
			);
			defaultConfigurationIsVisible = 0;
			defaultConfigurationName = Release;
		};
		DD33DE1C26A56FD7007ECA95 /* Build configuration list for PBXNativeTarget "PetWalk" */ = {
			isa = XCConfigurationList;
			buildConfigurations = (
				DD33DE1D26A56FD7007ECA95 /* Debug */,
				DD33DE1E26A56FD7007ECA95 /* Release */,
			);
			defaultConfigurationIsVisible = 0;
			defaultConfigurationName = Release;
		};
/* End XCConfigurationList section */
	};
	rootObject = DD33DE0026A56FD6007ECA95 /* Project object */;
}
