PODS:
  - Alamofire (5.4.1)
  - FSCalendar (2.8.2)
  - KakaoSDKAuth (2.5.5):
    - KakaoSDKCommon (= 2.5.5)
  - KakaoSDKCommon (2.5.5):
    - KakaoSDKCommon/Common (= 2.5.5)
    - KakaoSDKCommon/Network (= 2.5.5)
  - KakaoSDKCommon/Common (2.5.5)
  - KakaoSDKCommon/Network (2.5.5):
    - Alamofire (~> 5.1)
    - KakaoSDKCommon/Common (= 2.5.5)
  - KakaoSDKUser (2.5.5):
    - KakaoSDKAuth (= 2.5.5)
  - SideMenu (6.5.0)

DEPENDENCIES:
  - Alamofire (~> 5.4)
  - FSCalendar
  - KakaoSDKAuth
  - KakaoSDKCommon
  - KakaoSDKUser
  - SideMenu

SPEC REPOS:
  trunk:
    - Alamofire
    - FSCalendar
    - KakaoSDKAuth
    - KakaoSDKCommon
    - KakaoSDKUser
    - SideMenu

SPEC CHECKSUMS:
  Alamofire: 2291f7d21ca607c491dd17642e5d40fdcda0e65c
  FSCalendar: e6a2eb9c571bf0719ed797ef807e08426753c241
  KakaoSDKAuth: 7474cf67d199a9c2ec6a46e4ed8398cf34c1262d
  KakaoSDKCommon: fb2c9223a86d6f65a8ba73bbaad7cec6a2b09630
  KakaoSDKUser: 7bb1c38bbd4608bd4e7eebbd4eda130338364fb3
  SideMenu: f583187d21c5b1dd04c72002be544b555a2627a2

PODFILE CHECKSUM: edf84eba5522e92cf350873acfcee7f8dde69ac2

COCOAPODS: 1.10.1
